
Microsoft Visual Studio Solution File, Format Version 12.00
# Visual Studio Version 16
VisualStudioVersion = 16.0.31702.278
MinimumVisualStudioVersion = 10.0.40219.1
Project("{2150E333-8FDC-42A3-9474-1A3956D46DE8}") = "Services", "Services", "{B5179A42-8CB2-423C-BF06-AFBEBC3B0E42}"
EndProject
Project("{2150E333-8FDC-42A3-9474-1A3956D46DE8}") = "Catalog", "Catalog", "{D5BD2B17-B916-4F65-9837-670B5C6FE1F7}"
EndProject
Project("{9A19103F-16F7-4668-BE54-9A1E7A4F7556}") = "Catalog.API", "Services\Catalog\Catalog.API\Catalog.API.csproj", "{A28E8682-2473-48F4-AC45-5D8D83AECE4D}"
EndProject
Project("{E53339B2-1760-4266-BCC7-CA923CBCF16C}") = "docker-compose", "docker-compose.dcproj", "{05F36AD9-DFA8-4922-9349-00EA250C90A8}"
EndProject
Project("{2150E333-8FDC-42A3-9474-1A3956D46DE8}") = "Basket", "Basket", "{289E7419-E30D-4B66-AE7B-6336398233C2}"
EndProject
Project("{9A19103F-16F7-4668-BE54-9A1E7A4F7556}") = "Basket.API", "Services\Basket\Basket.API\Basket.API.csproj", "{84804E5D-F56E-40CF-A2C1-DAB2897198A8}"
EndProject
Project("{2150E333-8FDC-42A3-9474-1A3956D46DE8}") = "Discount", "Discount", "{B01FFFC9-79E2-4A0F-8221-65903C3CF55C}"
EndProject
Project("{FAE04EC0-301F-11D3-BF4B-00C04F79EFBC}") = "Discount.API", "Services\Discount\Discount.API\Discount.API.csproj", "{5354041A-9FF7-464B-8FE2-130597AD19E2}"
EndProject
Global
	GlobalSection(SolutionConfigurationPlatforms) = preSolution
		Debug|Any CPU = Debug|Any CPU
		Release|Any CPU = Release|Any CPU
	EndGlobalSection
	GlobalSection(ProjectConfigurationPlatforms) = postSolution
		{A28E8682-2473-48F4-AC45-5D8D83AECE4D}.Debug|Any CPU.ActiveCfg = Debug|Any CPU
		{A28E8682-2473-48F4-AC45-5D8D83AECE4D}.Debug|Any CPU.Build.0 = Debug|Any CPU
		{A28E8682-2473-48F4-AC45-5D8D83AECE4D}.Release|Any CPU.ActiveCfg = Release|Any CPU
		{A28E8682-2473-48F4-AC45-5D8D83AECE4D}.Release|Any CPU.Build.0 = Release|Any CPU
		{05F36AD9-DFA8-4922-9349-00EA250C90A8}.Debug|Any CPU.ActiveCfg = Debug|Any CPU
		{05F36AD9-DFA8-4922-9349-00EA250C90A8}.Debug|Any CPU.Build.0 = Debug|Any CPU
		{05F36AD9-DFA8-4922-9349-00EA250C90A8}.Release|Any CPU.ActiveCfg = Release|Any CPU
		{05F36AD9-DFA8-4922-9349-00EA250C90A8}.Release|Any CPU.Build.0 = Release|Any CPU
		{84804E5D-F56E-40CF-A2C1-DAB2897198A8}.Debug|Any CPU.ActiveCfg = Debug|Any CPU
		{84804E5D-F56E-40CF-A2C1-DAB2897198A8}.Debug|Any CPU.Build.0 = Debug|Any CPU
		{84804E5D-F56E-40CF-A2C1-DAB2897198A8}.Release|Any CPU.ActiveCfg = Release|Any CPU
		{84804E5D-F56E-40CF-A2C1-DAB2897198A8}.Release|Any CPU.Build.0 = Release|Any CPU
		{5354041A-9FF7-464B-8FE2-130597AD19E2}.Debug|Any CPU.ActiveCfg = Debug|Any CPU
		{5354041A-9FF7-464B-8FE2-130597AD19E2}.Debug|Any CPU.Build.0 = Debug|Any CPU
		{5354041A-9FF7-464B-8FE2-130597AD19E2}.Release|Any CPU.ActiveCfg = Release|Any CPU
		{5354041A-9FF7-464B-8FE2-130597AD19E2}.Release|Any CPU.Build.0 = Release|Any CPU
	EndGlobalSection
	GlobalSection(SolutionProperties) = preSolution
		HideSolutionNode = FALSE
	EndGlobalSection
	GlobalSection(NestedProjects) = preSolution
		{D5BD2B17-B916-4F65-9837-670B5C6FE1F7} = {B5179A42-8CB2-423C-BF06-AFBEBC3B0E42}
		{A28E8682-2473-48F4-AC45-5D8D83AECE4D} = {D5BD2B17-B916-4F65-9837-670B5C6FE1F7}
		{289E7419-E30D-4B66-AE7B-6336398233C2} = {B5179A42-8CB2-423C-BF06-AFBEBC3B0E42}
		{84804E5D-F56E-40CF-A2C1-DAB2897198A8} = {289E7419-E30D-4B66-AE7B-6336398233C2}
		{B01FFFC9-79E2-4A0F-8221-65903C3CF55C} = {B5179A42-8CB2-423C-BF06-AFBEBC3B0E42}
		{5354041A-9FF7-464B-8FE2-130597AD19E2} = {B01FFFC9-79E2-4A0F-8221-65903C3CF55C}
	EndGlobalSection
	GlobalSection(ExtensibilityGlobals) = postSolution
		SolutionGuid = {9EA5C1F4-A89D-4B9D-8919-C8E648DA6545}
	EndGlobalSection
EndGlobal
